PODS:
  - SDWebImage (5.21.7):
    - SDWebImage/Core (= 5.21.7)
  - SDWebImage/Core (5.21.7)
  - shared (1.0)

DEPENDENCIES:
  - SDWebImage
  - shared (from `../shared`)

SPEC REPOS:
  trunk:
    - SDWebImage

EXTERNAL SOURCES:
  shared:
    :path: "../shared"

SPEC CHECKSUMS:
  SDWebImage: e9fc87c1aab89a8ab1bbd74eba378c6f53be8abf
  shared: 45c4d5a3fe6bf89e105d0ff0f3587f64ad21dd48

PODFILE CHECKSUM: 766f817a354c5618a6314c47cf06b57fb6080aa5

COCOAPODS: 1.16.2
